
Microsoft Visual Studio Solution File, Format Version 12.00
# Visual Studio Version 16
VisualStudioVersion = 16.0.32510.428
MinimumVisualStudioVersion = 10.0.40219.1
Project("{FAE04EC0-301F-11D3-BF4B-00C04F79EFBC}") = "desktop01intvv", "desktop01intvv\desktop01intvv.csproj", "{06F1066D-E18B-45B3-9726-048848794247}"
EndProject
Global
	GlobalSection(SolutionConfigurationPlatforms) = preSolution
		Debug|Any CPU = Debug|Any CPU
		Release|Any CPU = Release|Any CPU
	EndGlobalSection
	GlobalSection(ProjectConfigurationPlatforms) = postSolution
		{06F1066D-E18B-45B3-9726-048848794247}.Debug|Any CPU.ActiveCfg = Debug|Any CPU
		{06F1066D-E18B-45B3-9726-048848794247}.Debug|Any CPU.Build.0 = Debug|Any CPU
		{06F1066D-E18B-45B3-9726-048848794247}.Release|Any CPU.ActiveCfg = Release|Any CPU
		{06F1066D-E18B-45B3-9726-048848794247}.Release|Any CPU.Build.0 = Release|Any CPU
	EndGlobalSection
	GlobalSection(SolutionProperties) = preSolution
		HideSolutionNode = FALSE
	EndGlobalSection
	GlobalSection(ExtensibilityGlobals) = postSolution
		SolutionGuid = {20FB915C-19B5-404D-93A6-8B6105CD3469}
	EndGlobalSection
EndGlobal
